// !$*UTF8*$!
{
	archiveVersion = 1;
	classes = {
	};
	objectVersion = 56;
	objects = {

/* Begin PBXBuildFile section */
		07AB525E28EBF3EB0009AB5B /* AppDelegate.swift in Sources */ = {isa = PBXBuildFile; fileRef = 07AB525D28EBF3EB0009AB5B /* AppDelegate.swift */; };
		07AB526028EBF3EB0009AB5B /* SceneDelegate.swift in Sources */ = {isa = PBXBuildFile; fileRef = 07AB525F28EBF3EB0009AB5B /* SceneDelegate.swift */; };
		07AB526228EBF3EB0009AB5B /* ViewController.swift in Sources */ = {isa = PBXBuildFile; fileRef = 07AB526128EBF3EB0009AB5B /* ViewController.swift */; };
		07AB526528EBF3EB0009AB5B /* Main.storyboard in Resources */ = {isa = PBXBuildFile; fileRef = 07AB526328EBF3EB0009AB5B /* Main.storyboard */; };
		07AB526728EBF3EC0009AB5B /* Assets.xcassets in Resources */ = {isa = PBXBuildFile; fileRef = 07AB526628EBF3EC0009AB5B /* Assets.xcassets */; };
		07AB526A28EBF3EC0009AB5B /* LaunchScreen.storyboard in Resources */ = {isa = PBXBuildFile; fileRef = 07AB526828EBF3EC0009AB5B /* LaunchScreen.storyboard */; };
		07AB527728EBF4D00009AB5B /* TagsCollectionViewCell.swift in Sources */ = {isa = PBXBuildFile; fileRef = 07AB527528EBF4D00009AB5B /* TagsCollectionViewCell.swift */; };
		07AB527828EBF4D00009AB5B /* TagsCollectionViewCell.xib in Resources */ = {isa = PBXBuildFile; fileRef = 07AB527628EBF4D00009AB5B /* TagsCollectionViewCell.xib */; };
		07AB527B28EBF4EE0009AB5B /* TagsTextCollectionViewCell.swift in Sources */ = {isa = PBXBuildFile; fileRef = 07AB527928EBF4EE0009AB5B /* TagsTextCollectionViewCell.swift */; };
		07AB527C28EBF4EE0009AB5B /* TagsTextCollectionViewCell.xib in Resources */ = {isa = PBXBuildFile; fileRef = 07AB527A28EBF4EE0009AB5B /* TagsTextCollectionViewCell.xib */; };
		07AB527F28EBFA820009AB5B /* Utilities.swift in Sources */ = {isa = PBXBuildFile; fileRef = 07AB527E28EBFA820009AB5B /* Utilities.swift */; };
/* End PBXBuildFile section */

/* Begin PBXFileReference section */
		07AB525A28EBF3EB0009AB5B /* TagsChipsTokens.app */ = {isa = PBXFileReference; explicitFileType = wrapper.application; includeInIndex = 0; path = TagsChipsTokens.app; sourceTree = BUILT_PRODUCTS_DIR; };
		07AB525D28EBF3EB0009AB5B /* AppDelegate.swift */ = {isa = PBXFileReference; lastKnownFileType = sourcecode.swift; path = AppDelegate.swift; sourceTree = "<group>"; };
		07AB525F28EBF3EB0009AB5B /* SceneDelegate.swift */ = {isa = PBXFileReference; lastKnownFileType = sourcecode.swift; path = SceneDelegate.swift; sourceTree = "<group>"; };
		07AB526128EBF3EB0009AB5B /* ViewController.swift */ = {isa = PBXFileReference; lastKnownFileType = sourcecode.swift; path = ViewController.swift; sourceTree = "<group>"; };
		07AB526428EBF3EB0009AB5B /* Base */ = {isa = PBXFileReference; lastKnownFileType = file.storyboard; name = Base; path = Base.lproj/Main.storyboard; sourceTree = "<group>"; };
		07AB526628EBF3EC0009AB5B /* Assets.xcassets */ = {isa = PBXFileReference; lastKnownFileType = folder.assetcatalog; path = Assets.xcassets; sourceTree = "<group>"; };
		07AB526928EBF3EC0009AB5B /* Base */ = {isa = PBXFileReference; lastKnownFileType = file.storyboard; name = Base; path = Base.lproj/LaunchScreen.storyboard; sourceTree = "<group>"; };
		07AB526B28EBF3EC0009AB5B /* Info.plist */ = {isa = PBXFileReference; lastKnownFileType = text.plist.xml; path = Info.plist; sourceTree = "<group>"; };
		07AB527528EBF4D00009AB5B /* TagsCollectionViewCell.swift */ = {isa = PBXFileReference; lastKnownFileType = sourcecode.swift; path = TagsCollectionViewCell.swift; sourceTree = "<group>"; };
		07AB527628EBF4D00009AB5B /* TagsCollectionViewCell.xib */ = {isa = PBXFileReference; lastKnownFileType = file.xib; path = TagsCollectionViewCell.xib; sourceTree = "<group>"; };
		07AB527928EBF4EE0009AB5B /* TagsTextCollectionViewCell.swift */ = {isa = PBXFileReference; lastKnownFileType = sourcecode.swift; path = TagsTextCollectionViewCell.swift; sourceTree = "<group>"; };
		07AB527A28EBF4EE0009AB5B /* TagsTextCollectionViewCell.xib */ = {isa = PBXFileReference; lastKnownFileType = file.xib; path = TagsTextCollectionViewCell.xib; sourceTree = "<group>"; };
		07AB527E28EBFA820009AB5B /* Utilities.swift */ = {isa = PBXFileReference; lastKnownFileType = sourcecode.swift; path = Utilities.swift; sourceTree = "<group>"; };
/* End PBXFileReference section */

/* Begin PBXFrameworksBuildPhase section */
		07AB525728EBF3EB0009AB5B /* Frameworks */ = {
			isa = PBXFrameworksBuildPhase;
			buildActionMask = 2147483647;
			files = (
			);
			runOnlyForDeploymentPostprocessing = 0;
		};
/* End PBXFrameworksBuildPhase section */

/* Begin PBXGroup section */
		07AB525128EBF3EB0009AB5B = {
			isa = PBXGroup;
			children = (
				07AB525C28EBF3EB0009AB5B /* TagsChipsTokens */,
				07AB525B28EBF3EB0009AB5B /* Products */,
			);
			sourceTree = "<group>";
		};
		07AB525B28EBF3EB0009AB5B /* Products */ = {
			isa = PBXGroup;
			children = (
				07AB525A28EBF3EB0009AB5B /* TagsChipsTokens.app */,
			);
			name = Products;
			sourceTree = "<group>";
		};
		07AB525C28EBF3EB0009AB5B /* TagsChipsTokens */ = {
			isa = PBXGroup;
			children = (
				07AB527D28EBFA750009AB5B /* Utilities */,
				07AB527328EBF48C0009AB5B /* Nibs */,
				07AB527228EBF4810009AB5B /* Controllers */,
				07AB527128EBF4770009AB5B /* Storyboards */,
				07AB525D28EBF3EB0009AB5B /* AppDelegate.swift */,
				07AB525F28EBF3EB0009AB5B /* SceneDelegate.swift */,
				07AB526628EBF3EC0009AB5B /* Assets.xcassets */,
				07AB526828EBF3EC0009AB5B /* LaunchScreen.storyboard */,
				07AB526B28EBF3EC0009AB5B /* Info.plist */,
			);
			path = TagsChipsTokens;
			sourceTree = "<group>";
		};
		07AB527128EBF4770009AB5B /* Storyboards */ = {
			isa = PBXGroup;
			children = (
				07AB526328EBF3EB0009AB5B /* Main.storyboard */,
			);
			path = Storyboards;
			sourceTree = "<group>";
		};
		07AB527228EBF4810009AB5B /* Controllers */ = {
			isa = PBXGroup;
			children = (
				07AB526128EBF3EB0009AB5B /* ViewController.swift */,
			);
			path = Controllers;
			sourceTree = "<group>";
		};
		07AB527328EBF48C0009AB5B /* Nibs */ = {
			isa = PBXGroup;
			children = (
				07AB527428EBF49B0009AB5B /* CollectionView */,
			);
			path = Nibs;
			sourceTree = "<group>";
		};
		07AB527428EBF49B0009AB5B /* CollectionView */ = {
			isa = PBXGroup;
			children = (
				07AB527528EBF4D00009AB5B /* TagsCollectionViewCell.swift */,
				07AB527628EBF4D00009AB5B /* TagsCollectionViewCell.xib */,
				07AB527928EBF4EE0009AB5B /* TagsTextCollectionViewCell.swift */,
				07AB527A28EBF4EE0009AB5B /* TagsTextCollectionViewCell.xib */,
			);
			path = CollectionView;
			sourceTree = "<group>";
		};
		07AB527D28EBFA750009AB5B /* Utilities */ = {
			isa = PBXGroup;
			children = (
				07AB527E28EBFA820009AB5B /* Utilities.swift */,
			);
			path = Utilities;
			sourceTree = "<group>";
		};
/* End PBXGroup section */

/* Begin PBXNativeTarget section */
		07AB525928EBF3EB0009AB5B /* TagsChipsTokens */ = {
			isa = PBXNativeTarget;
			buildConfigurationList = 07AB526E28EBF3EC0009AB5B /* Build configuration list for PBXNativeTarget "TagsChipsTokens" */;
			buildPhases = (
				07AB525628EBF3EB0009AB5B /* Sources */,
				07AB525728EBF3EB0009AB5B /* Frameworks */,
				07AB525828EBF3EB0009AB5B /* Resources */,
			);
			buildRules = (
			);
			dependencies = (
			);
			name = TagsChipsTokens;
			productName = TagsChipsTokens;
			productReference = 07AB525A28EBF3EB0009AB5B /* TagsChipsTokens.app */;
			productType = "com.apple.product-type.application";
		};
/* End PBXNativeTarget section */

/* Begin PBXProject section */
		07AB525228EBF3EB0009AB5B /* Project object */ = {
			isa = PBXProject;
			attributes = {
				BuildIndependentTargetsInParallel = 1;
				LastSwiftUpdateCheck = 1400;
				LastUpgradeCheck = 1400;
				TargetAttributes = {
					07AB525928EBF3EB0009AB5B = {
						CreatedOnToolsVersion = 14.0.1;
					};
				};
			};
			buildConfigurationList = 07AB525528EBF3EB0009AB5B /* Build configuration list for PBXProject "TagsChipsTokens" */;
			compatibilityVersion = "Xcode 14.0";
			developmentRegion = en;
			hasScannedForEncodings = 0;
			knownRegions = (
				en,
				Base,
			);
			mainGroup = 07AB525128EBF3EB0009AB5B;
			productRefGroup = 07AB525B28EBF3EB0009AB5B /* Products */;
			projectDirPath = "";
			projectRoot = "";
			targets = (
				07AB525928EBF3EB0009AB5B /* TagsChipsTokens */,
			);
		};
/* End PBXProject section */

/* Begin PBXResourcesBuildPhase section */
		07AB525828EBF3EB0009AB5B /* Resources */ = {
			isa = PBXResourcesBuildPhase;
			buildActionMask = 2147483647;
			files = (
				07AB526A28EBF3EC0009AB5B /* LaunchScreen.storyboard in Resources */,
				07AB527828EBF4D00009AB5B /* TagsCollectionViewCell.xib in Resources */,
				07AB526728EBF3EC0009AB5B /* Assets.xcassets in Resources */,
				07AB527C28EBF4EE0009AB5B /* TagsTextCollectionViewCell.xib in Resources */,
				07AB526528EBF3EB0009AB5B /* Main.storyboard in Resources */,
			);
			runOnlyForDeploymentPostprocessing = 0;
		};
/* End PBXResourcesBuildPhase section */

/* Begin PBXSourcesBuildPhase section */
		07AB525628EBF3EB0009AB5B /* Sources */ = {
			isa = PBXSourcesBuildPhase;
			buildActionMask = 2147483647;
			files = (
				07AB526228EBF3EB0009AB5B /* ViewController.swift in Sources */,
				07AB527728EBF4D00009AB5B /* TagsCollectionViewCell.swift in Sources */,
				07AB525E28EBF3EB0009AB5B /* AppDelegate.swift in Sources */,
				07AB527F28EBFA820009AB5B /* Utilities.swift in Sources */,
				07AB527B28EBF4EE0009AB5B /* TagsTextCollectionViewCell.swift in Sources */,
				07AB526028EBF3EB0009AB5B /* SceneDelegate.swift in Sources */,
			);
			runOnlyForDeploymentPostprocessing = 0;
		};
/* End PBXSourcesBuildPhase section */

/* Begin PBXVariantGroup section */
		07AB526328EBF3EB0009AB5B /* Main.storyboard */ = {
			isa = PBXVariantGroup;
			children = (
				07AB526428EBF3EB0009AB5B /* Base */,
			);
			name = Main.storyboard;
			sourceTree = "<group>";
		};
		07AB526828EBF3EC0009AB5B /* LaunchScreen.storyboard */ = {
			isa = PBXVariantGroup;
			children = (
				07AB526928EBF3EC0009AB5B /* Base */,
			);
			name = LaunchScreen.storyboard;
			sourceTree = "<group>";
		};
/* End PBXVariantGroup section */

/* Begin XCBuildConfiguration section */
		07AB526C28EBF3EC0009AB5B /* Debug */ = {
			isa = XCBuildConfiguration;
			buildSettings = {
				ALWAYS_SEARCH_USER_PATHS = NO;
				CLANG_ANALYZER_NONNULL = YES;
				CLANG_ANALYZER_NUMBER_OBJECT_CONVERSION = YES_AGGRESSIVE;
				CLANG_CXX_LANGUAGE_STANDARD = "gnu++20";
				CLANG_ENABLE_MODULES = YES;
				CLANG_ENABLE_OBJC_ARC = YES;
				CLANG_ENABLE_OBJC_WEAK = YES;
				CLANG_WARN_BLOCK_CAPTURE_AUTORELEASING = YES;
				CLANG_WARN_BOOL_CONVERSION = YES;
				CLANG_WARN_COMMA = YES;
				CLANG_WARN_CONSTANT_CONVERSION = YES;
				CLANG_WARN_DEPRECATED_OBJC_IMPLEMENTATIONS = YES;
				CLANG_WARN_DIRECT_OBJC_ISA_USAGE = YES_ERROR;
				CLANG_WARN_DOCUMENTATION_COMMENTS = YES;
				CLANG_WARN_EMPTY_BODY = YES;
				CLANG_WARN_ENUM_CONVERSION = YES;
				CLANG_WARN_INFINITE_RECURSION = YES;
				CLANG_WARN_INT_CONVERSION = YES;
				CLANG_WARN_NON_LITERAL_NULL_CONVERSION = YES;
				CLANG_WARN_OBJC_IMPLICIT_RETAIN_SELF = YES;
				CLANG_WARN_OBJC_LITERAL_CONVERSION = YES;
				CLANG_WARN_OBJC_ROOT_CLASS = YES_ERROR;
				CLANG_WARN_QUOTED_INCLUDE_IN_FRAMEWORK_HEADER = YES;
				CLANG_WARN_RANGE_LOOP_ANALYSIS = YES;
				CLANG_WARN_STRICT_PROTOTYPES = YES;
				CLANG_WARN_SUSPICIOUS_MOVE = YES;
				CLANG_WARN_UNGUARDED_AVAILABILITY = YES_AGGRESSIVE;
				CLANG_WARN_UNREACHABLE_CODE = YES;
				CLANG_WARN__DUPLICATE_METHOD_MATCH = YES;
				COPY_PHASE_STRIP = NO;
				DEBUG_INFORMATION_FORMAT = dwarf;
				ENABLE_STRICT_OBJC_MSGSEND = YES;
				ENABLE_TESTABILITY = YES;
				GCC_C_LANGUAGE_STANDARD = gnu11;
				GCC_DYNAMIC_NO_PIC = NO;
				GCC_NO_COMMON_BLOCKS = YES;
				GCC_OPTIMIZATION_LEVEL = 0;
				GCC_PREPROCESSOR_DEFINITIONS = (
					"DEBUG=1",
					"$(inherited)",
				);
				GCC_WARN_64_TO_32_BIT_CONVERSION = YES;
				GCC_WARN_ABOUT_RETURN_TYPE = YES_ERROR;
				GCC_WARN_UNDECLARED_SELECTOR = YES;
				GCC_WARN_UNINITIALIZED_AUTOS = YES_AGGRESSIVE;
				GCC_WARN_UNUSED_FUNCTION = YES;
				GCC_WARN_UNUSED_VARIABLE = YES;
				IPHONEOS_DEPLOYMENT_TARGET = 16.0;
				MTL_ENABLE_DEBUG_INFO = INCLUDE_SOURCE;
				MTL_FAST_MATH = YES;
				ONLY_ACTIVE_ARCH = YES;
				SDKROOT = iphoneos;
				SWIFT_ACTIVE_COMPILATION_CONDITIONS = DEBUG;
				SWIFT_OPTIMIZATION_LEVEL = "-Onone";
			};
			name = Debug;
		};
		07AB526D28EBF3EC0009AB5B /* Release */ = {
			isa = XCBuildConfiguration;
			buildSettings = {
				ALWAYS_SEARCH_USER_PATHS = NO;
				CLANG_ANALYZER_NONNULL = YES;
				CLANG_ANALYZER_NUMBER_OBJECT_CONVERSION = YES_AGGRESSIVE;
				CLANG_CXX_LANGUAGE_STANDARD = "gnu++20";
				CLANG_ENABLE_MODULES = YES;
				CLANG_ENABLE_OBJC_ARC = YES;
				CLANG_ENABLE_OBJC_WEAK = YES;
				CLANG_WARN_BLOCK_CAPTURE_AUTORELEASING = YES;
				CLANG_WARN_BOOL_CONVERSION = YES;
				CLANG_WARN_COMMA = YES;
				CLANG_WARN_CONSTANT_CONVERSION = YES;
				CLANG_WARN_DEPRECATED_OBJC_IMPLEMENTATIONS = YES;
				CLANG_WARN_DIRECT_OBJC_ISA_USAGE = YES_ERROR;
				CLANG_WARN_DOCUMENTATION_COMMENTS = YES;
				CLANG_WARN_EMPTY_BODY = YES;
				CLANG_WARN_ENUM_CONVERSION = YES;
				CLANG_WARN_INFINITE_RECURSION = YES;
				CLANG_WARN_INT_CONVERSION = YES;
				CLANG_WARN_NON_LITERAL_NULL_CONVERSION = YES;
				CLANG_WARN_OBJC_IMPLICIT_RETAIN_SELF = YES;
				CLANG_WARN_OBJC_LITERAL_CONVERSION = YES;
				CLANG_WARN_OBJC_ROOT_CLASS = YES_ERROR;
				CLANG_WARN_QUOTED_INCLUDE_IN_FRAMEWORK_HEADER = YES;
				CLANG_WARN_RANGE_LOOP_ANALYSIS = YES;
				CLANG_WARN_STRICT_PROTOTYPES = YES;
				CLANG_WARN_SUSPICIOUS_MOVE = YES;
				CLANG_WARN_UNGUARDED_AVAILABILITY = YES_AGGRESSIVE;
				CLANG_WARN_UNREACHABLE_CODE = YES;
				CLANG_WARN__DUPLICATE_METHOD_MATCH = YES;
				COPY_PHASE_STRIP = NO;
				DEBUG_INFORMATION_FORMAT = "dwarf-with-dsym";
				ENABLE_NS_ASSERTIONS = NO;
				ENABLE_STRICT_OBJC_MSGSEND = YES;
				GCC_C_LANGUAGE_STANDARD = gnu11;
				GCC_NO_COMMON_BLOCKS = YES;
				GCC_WARN_64_TO_32_BIT_CONVERSION = YES;
				GCC_WARN_ABOUT_RETURN_TYPE = YES_ERROR;
				GCC_WARN_UNDECLARED_SELECTOR = YES;
				GCC_WARN_UNINITIALIZED_AUTOS = YES_AGGRESSIVE;
				GCC_WARN_UNUSED_FUNCTION = YES;
				GCC_WARN_UNUSED_VARIABLE = YES;
				IPHONEOS_DEPLOYMENT_TARGET = 16.0;
				MTL_ENABLE_DEBUG_INFO = NO;
				MTL_FAST_MATH = YES;
				SDKROOT = iphoneos;
				SWIFT_COMPILATION_MODE = wholemodule;
				SWIFT_OPTIMIZATION_LEVEL = "-O";
				VALIDATE_PRODUCT = YES;
			};
			name = Release;
		};
		07AB526F28EBF3EC0009AB5B /* Debug */ = {
			isa = XCBuildConfiguration;
			buildSettings = {
				ASSETCATALOG_COMPILER_APPICON_NAME = AppIcon;
				ASSETCATALOG_COMPILER_GLOBAL_ACCENT_COLOR_NAME = AccentColor;
				CODE_SIGN_STYLE = Automatic;
				CURRENT_PROJECT_VERSION = 1;
				GENERATE_INFOPLIST_FILE = YES;
				INFOPLIST_FILE = TagsChipsTokens/Info.plist;
				INFOPLIST_KEY_CFBundleDisplayName = "Email Tags";
				INFOPLIST_KEY_UIApplicationSupportsIndirectInputEvents = YES;
				INFOPLIST_KEY_UILaunchStoryboardName = LaunchScreen;
				INFOPLIST_KEY_UIMainStoryboardFile = Main;
				INFOPLIST_KEY_UISupportedInterfaceOrientations = UIInterfaceOrientationPortrait;
				INFOPLIST_KEY_UISupportedInterfaceOrientations_iPad = "UIInterfaceOrientationLandscapeLeft UIInterfaceOrientationLandscapeRight UIInterfaceOrientationPortrait UIInterfaceOrientationPortraitUpsideDown";
				LD_RUNPATH_SEARCH_PATHS = (
					"$(inherited)",
					"@executable_path/Frameworks",
				);
				MARKETING_VERSION = 1.0;
				PRODUCT_BUNDLE_IDENTIFIER = com.m3tech.TagsChipsTokens;
				PRODUCT_NAME = "$(TARGET_NAME)";
				SUPPORTED_PLATFORMS = "iphoneos iphonesimulator";
				SUPPORTS_MACCATALYST = NO;
				SUPPORTS_MAC_DESIGNED_FOR_IPHONE_IPAD = NO;
				SWIFT_EMIT_LOC_STRINGS = YES;
				SWIFT_VERSION = 5.0;
				TARGETED_DEVICE_FAMILY = 1;
			};
			name = Debug;
		};
		07AB527028EBF3EC0009AB5B /* Release */ = {
			isa = XCBuildConfiguration;
			buildSettings = {
				ASSETCATALOG_COMPILER_APPICON_NAME = AppIcon;
				ASSETCATALOG_COMPILER_GLOBAL_ACCENT_COLOR_NAME = AccentColor;
				CODE_SIGN_STYLE = Automatic;
				CURRENT_PROJECT_VERSION = 1;
				GENERATE_INFOPLIST_FILE = YES;
				INFOPLIST_FILE = TagsChipsTokens/Info.plist;
				INFOPLIST_KEY_CFBundleDisplayName = "Email Tags";
				INFOPLIST_KEY_UIApplicationSupportsIndirectInputEvents = YES;
				INFOPLIST_KEY_UILaunchStoryboardName = LaunchScreen;
				INFOPLIST_KEY_UIMainStoryboardFile = Main;
				INFOPLIST_KEY_UISupportedInterfaceOrientations = UIInterfaceOrientationPortrait;
				INFOPLIST_KEY_UISupportedInterfaceOrientations_iPad = "UIInterfaceOrientationLandscapeLeft UIInterfaceOrientationLandscapeRight UIInterfaceOrientationPortrait UIInterfaceOrientationPortraitUpsideDown";
				LD_RUNPATH_SEARCH_PATHS = (
					"$(inherited)",
					"@executable_path/Frameworks",
				);
				MARKETING_VERSION = 1.0;
				PRODUCT_BUNDLE_IDENTIFIER = com.m3tech.TagsChipsTokens;
				PRODUCT_NAME = "$(TARGET_NAME)";
				SUPPORTED_PLATFORMS = "iphoneos iphonesimulator";
				SUPPORTS_MACCATALYST = NO;
				SUPPORTS_MAC_DESIGNED_FOR_IPHONE_IPAD = NO;
				SWIFT_EMIT_LOC_STRINGS = YES;
				SWIFT_VERSION = 5.0;
				TARGETED_DEVICE_FAMILY = 1;
			};
			name = Release;
		};
/* End XCBuildConfiguration section */

/* Begin XCConfigurationList section */
		07AB525528EBF3EB0009AB5B /* Build configuration list for PBXProject "TagsChipsTokens" */ = {
			isa = XCConfigurationList;
			buildConfigurations = (
				07AB526C28EBF3EC0009AB5B /* Debug */,
				07AB526D28EBF3EC0009AB5B /* Release */,
			);
			defaultConfigurationIsVisible = 0;
			defaultConfigurationName = Release;
		};
		07AB526E28EBF3EC0009AB5B /* Build configuration list for PBXNativeTarget "TagsChipsTokens" */ = {
			isa = XCConfigurationList;
			buildConfigurations = (
				07AB526F28EBF3EC0009AB5B /* Debug */,
				07AB527028EBF3EC0009AB5B /* Release */,
			);
			defaultConfigurationIsVisible = 0;
			defaultConfigurationName = Release;
		};
/* End XCConfigurationList section */
	};
	rootObject = 07AB525228EBF3EB0009AB5B /* Project object */;
}
